
Microsoft Visual Studio Solution File, Format Version 12.00
# Visual Studio Version 16
VisualStudioVersion = 16.0.28803.452
MinimumVisualStudioVersion = 10.0.40219.1
Project("{FAE04EC0-301F-11D3-BF4B-00C04F79EFBC}") = "myMLAppCSVPricePredict", "myMLAppCSVPricePredict\myMLAppCSVPricePredict.csproj", "{C7FCD400-46E7-44D3-B6B2-B05446AA0CEC}"
EndProject
Project("{9A19103F-16F7-4668-BE54-9A1E7A4F7556}") = "myMLAppCSVPricePredictML.Model", "myMLAppCSVPricePredictML.Model\myMLAppCSVPricePredictML.Model.csproj", "{6B98A8FC-F0C8-4418-BD5F-F6B2957EA63F}"
EndProject
Project("{9A19103F-16F7-4668-BE54-9A1E7A4F7556}") = "myMLAppCSVPricePredictML.ConsoleApp", "myMLAppCSVPricePredictML.ConsoleApp\myMLAppCSVPricePredictML.ConsoleApp.csproj", "{C6C99C82-9BAF-4C0E-A8AB-6FA231A91911}"
EndProject
Global
	GlobalSection(SolutionConfigurationPlatforms) = preSolution
		Debug|Any CPU = Debug|Any CPU
		Release|Any CPU = Release|Any CPU
	EndGlobalSection
	GlobalSection(ProjectConfigurationPlatforms) = postSolution
		{C7FCD400-46E7-44D3-B6B2-B05446AA0CEC}.Debug|Any CPU.ActiveCfg = Debug|Any CPU
		{C7FCD400-46E7-44D3-B6B2-B05446AA0CEC}.Debug|Any CPU.Build.0 = Debug|Any CPU
		{C7FCD400-46E7-44D3-B6B2-B05446AA0CEC}.Release|Any CPU.ActiveCfg = Release|Any CPU
		{C7FCD400-46E7-44D3-B6B2-B05446AA0CEC}.Release|Any CPU.Build.0 = Release|Any CPU
		{6B98A8FC-F0C8-4418-BD5F-F6B2957EA63F}.Debug|Any CPU.ActiveCfg = Debug|Any CPU
		{6B98A8FC-F0C8-4418-BD5F-F6B2957EA63F}.Debug|Any CPU.Build.0 = Debug|Any CPU
		{6B98A8FC-F0C8-4418-BD5F-F6B2957EA63F}.Release|Any CPU.ActiveCfg = Release|Any CPU
		{6B98A8FC-F0C8-4418-BD5F-F6B2957EA63F}.Release|Any CPU.Build.0 = Release|Any CPU
		{C6C99C82-9BAF-4C0E-A8AB-6FA231A91911}.Debug|Any CPU.ActiveCfg = Debug|Any CPU
		{C6C99C82-9BAF-4C0E-A8AB-6FA231A91911}.Debug|Any CPU.Build.0 = Debug|Any CPU
		{C6C99C82-9BAF-4C0E-A8AB-6FA231A91911}.Release|Any CPU.ActiveCfg = Release|Any CPU
		{C6C99C82-9BAF-4C0E-A8AB-6FA231A91911}.Release|Any CPU.Build.0 = Release|Any CPU
	EndGlobalSection
	GlobalSection(SolutionProperties) = preSolution
		HideSolutionNode = FALSE
	EndGlobalSection
	GlobalSection(ExtensibilityGlobals) = postSolution
		SolutionGuid = {2B47212F-BC66-4611-826B-B282436A1223}
	EndGlobalSection
EndGlobal
